// !$*UTF8*$!
{
	archiveVersion = 1;
	classes = {
	};
	objectVersion = 50;
	objects = {

/* Begin PBXBuildFile section */
		1F9ABD3721B0588400BA0A07 /* AppDelegate.swift in Sources */ = {isa = PBXBuildFile; fileRef = 1F9ABD3621B0588400BA0A07 /* AppDelegate.swift */; };
		1F9ABD3921B0588400BA0A07 /* ViewController.swift in Sources */ = {isa = PBXBuildFile; fileRef = 1F9ABD3821B0588400BA0A07 /* ViewController.swift */; };
		1F9ABD3C21B0588400BA0A07 /* Main.storyboard in Resources */ = {isa = PBXBuildFile; fileRef = 1F9ABD3A21B0588400BA0A07 /* Main.storyboard */; };
		1F9ABD3E21B0588800BA0A07 /* Assets.xcassets in Resources */ = {isa = PBXBuildFile; fileRef = 1F9ABD3D21B0588800BA0A07 /* Assets.xcassets */; };
		1F9ABD4121B0588800BA0A07 /* LaunchScreen.storyboard in Resources */ = {isa = PBXBuildFile; fileRef = 1F9ABD3F21B0588800BA0A07 /* LaunchScreen.storyboard */; };
		1F9ABD4C21B0588800BA0A07 /* hello_blockstack_iosTests.swift in Sources */ = {isa = PBXBuildFile; fileRef = 1F9ABD4B21B0588800BA0A07 /* hello_blockstack_iosTests.swift */; };
		8676E2620AA9782ABEB7D538 /* Pods_hello_blockstack_ios.framework in Frameworks */ = {isa = PBXBuildFile; fileRef = B4C8470D05988DF83313B47B /* Pods_hello_blockstack_ios.framework */; };
		C4F375D3D9EFA7696AD13924 /* Pods_hello_blockstack_iosTests.framework in Frameworks */ = {isa = PBXBuildFile; fileRef = 2C64CA0F79D528C30789F642 /* Pods_hello_blockstack_iosTests.framework */; };
/* End PBXBuildFile section */

/* Begin PBXContainerItemProxy section */
		1F9ABD4821B0588800BA0A07 /* PBXContainerItemProxy */ = {
			isa = PBXContainerItemProxy;
			containerPortal = 1F9ABD2B21B0588400BA0A07 /* Project object */;
			proxyType = 1;
			remoteGlobalIDString = 1F9ABD3221B0588400BA0A07;
			remoteInfo = "hello-blockstack-ios";
		};
/* End PBXContainerItemProxy section */

/* Begin PBXFileReference section */
		1E516B51360BBB64CB230D15 /* Pods-hello-blockstack-iosTests.release.xcconfig */ = {isa = PBXFileReference; includeInIndex = 1; lastKnownFileType = text.xcconfig; name = "Pods-hello-blockstack-iosTests.release.xcconfig"; path = "Target Support Files/Pods-hello-blockstack-iosTests/Pods-hello-blockstack-iosTests.release.xcconfig"; sourceTree = "<group>"; };
		1F9ABD3321B0588400BA0A07 /* hello-blockstack-ios.app */ = {isa = PBXFileReference; explicitFileType = wrapper.application; includeInIndex = 0; path = "hello-blockstack-ios.app"; sourceTree = BUILT_PRODUCTS_DIR; };
		1F9ABD3621B0588400BA0A07 /* AppDelegate.swift */ = {isa = PBXFileReference; lastKnownFileType = sourcecode.swift; path = AppDelegate.swift; sourceTree = "<group>"; };
		1F9ABD3821B0588400BA0A07 /* ViewController.swift */ = {isa = PBXFileReference; lastKnownFileType = sourcecode.swift; path = ViewController.swift; sourceTree = "<group>"; };
		1F9ABD3B21B0588400BA0A07 /* Base */ = {isa = PBXFileReference; lastKnownFileType = file.storyboard; name = Base; path = Base.lproj/Main.storyboard; sourceTree = "<group>"; };
		1F9ABD3D21B0588800BA0A07 /* Assets.xcassets */ = {isa = PBXFileReference; lastKnownFileType = folder.assetcatalog; path = Assets.xcassets; sourceTree = "<group>"; };
		1F9ABD4021B0588800BA0A07 /* Base */ = {isa = PBXFileReference; lastKnownFileType = file.storyboard; name = Base; path = Base.lproj/LaunchScreen.storyboard; sourceTree = "<group>"; };
		1F9ABD4221B0588800BA0A07 /* Info.plist */ = {isa = PBXFileReference; lastKnownFileType = text.plist.xml; path = Info.plist; sourceTree = "<group>"; };
		1F9ABD4721B0588800BA0A07 /* hello-blockstack-iosTests.xctest */ = {isa = PBXFileReference; explicitFileType = wrapper.cfbundle; includeInIndex = 0; path = "hello-blockstack-iosTests.xctest"; sourceTree = BUILT_PRODUCTS_DIR; };
		1F9ABD4B21B0588800BA0A07 /* hello_blockstack_iosTests.swift */ = {isa = PBXFileReference; lastKnownFileType = sourcecode.swift; path = hello_blockstack_iosTests.swift; sourceTree = "<group>"; };
		1F9ABD4D21B0588800BA0A07 /* Info.plist */ = {isa = PBXFileReference; lastKnownFileType = text.plist.xml; path = Info.plist; sourceTree = "<group>"; };
		2C64CA0F79D528C30789F642 /* Pods_hello_blockstack_iosTests.framework */ = {isa = PBXFileReference; explicitFileType = wrapper.framework; includeInIndex = 0; path = Pods_hello_blockstack_iosTests.framework; sourceTree = BUILT_PRODUCTS_DIR; };
		32AEF8CB0F47F11FD108FAA2 /* Pods-hello-blockstack-ios.release.xcconfig */ = {isa = PBXFileReference; includeInIndex = 1; lastKnownFileType = text.xcconfig; name = "Pods-hello-blockstack-ios.release.xcconfig"; path = "Target Support Files/Pods-hello-blockstack-ios/Pods-hello-blockstack-ios.release.xcconfig"; sourceTree = "<group>"; };
		B1E40423722F4FA1DB13B708 /* Pods-hello-blockstack-iosTests.debug.xcconfig */ = {isa = PBXFileReference; includeInIndex = 1; lastKnownFileType = text.xcconfig; name = "Pods-hello-blockstack-iosTests.debug.xcconfig"; path = "Target Support Files/Pods-hello-blockstack-iosTests/Pods-hello-blockstack-iosTests.debug.xcconfig"; sourceTree = "<group>"; };
		B2A820B460AA70491125D444 /* Pods-hello-blockstack-ios.debug.xcconfig */ = {isa = PBXFileReference; includeInIndex = 1; lastKnownFileType = text.xcconfig; name = "Pods-hello-blockstack-ios.debug.xcconfig"; path = "Target Support Files/Pods-hello-blockstack-ios/Pods-hello-blockstack-ios.debug.xcconfig"; sourceTree = "<group>"; };
		B4C8470D05988DF83313B47B /* Pods_hello_blockstack_ios.framework */ = {isa = PBXFileReference; explicitFileType = wrapper.framework; includeInIndex = 0; path = Pods_hello_blockstack_ios.framework; sourceTree = BUILT_PRODUCTS_DIR; };
/* End PBXFileReference section */

/* Begin PBXFrameworksBuildPhase section */
		1F9ABD3021B0588400BA0A07 /* Frameworks */ = {
			isa = PBXFrameworksBuildPhase;
			buildActionMask = 2147483647;
			files = (
				8676E2620AA9782ABEB7D538 /* Pods_hello_blockstack_ios.framework in Frameworks */,
			);
			runOnlyForDeploymentPostprocessing = 0;
		};
		1F9ABD4421B0588800BA0A07 /* Frameworks */ = {
			isa = PBXFrameworksBuildPhase;
			buildActionMask = 2147483647;
			files = (
				C4F375D3D9EFA7696AD13924 /* Pods_hello_blockstack_iosTests.framework in Frameworks */,
			);
			runOnlyForDeploymentPostprocessing = 0;
		};
/* End PBXFrameworksBuildPhase section */

/* Begin PBXGroup section */
		1F9ABD2A21B0588400BA0A07 = {
			isa = PBXGroup;
			children = (
				1F9ABD3521B0588400BA0A07 /* hello-blockstack-ios */,
				1F9ABD4A21B0588800BA0A07 /* hello-blockstack-iosTests */,
				1F9ABD3421B0588400BA0A07 /* Products */,
				370B18822E28E211C42A3A52 /* Pods */,
				23D2A2E1995D6629733ED2F7 /* Frameworks */,
			);
			sourceTree = "<group>";
		};
		1F9ABD3421B0588400BA0A07 /* Products */ = {
			isa = PBXGroup;
			children = (
				1F9ABD3321B0588400BA0A07 /* hello-blockstack-ios.app */,
				1F9ABD4721B0588800BA0A07 /* hello-blockstack-iosTests.xctest */,
			);
			name = Products;
			sourceTree = "<group>";
		};
		1F9ABD3521B0588400BA0A07 /* hello-blockstack-ios */ = {
			isa = PBXGroup;
			children = (
				1F9ABD3621B0588400BA0A07 /* AppDelegate.swift */,
				1F9ABD3821B0588400BA0A07 /* ViewController.swift */,
				1F9ABD3A21B0588400BA0A07 /* Main.storyboard */,
				1F9ABD3D21B0588800BA0A07 /* Assets.xcassets */,
				1F9ABD3F21B0588800BA0A07 /* LaunchScreen.storyboard */,
				1F9ABD4221B0588800BA0A07 /* Info.plist */,
			);
			path = "hello-blockstack-ios";
			sourceTree = "<group>";
		};
		1F9ABD4A21B0588800BA0A07 /* hello-blockstack-iosTests */ = {
			isa = PBXGroup;
			children = (
				1F9ABD4B21B0588800BA0A07 /* hello_blockstack_iosTests.swift */,
				1F9ABD4D21B0588800BA0A07 /* Info.plist */,
			);
			path = "hello-blockstack-iosTests";
			sourceTree = "<group>";
		};
		23D2A2E1995D6629733ED2F7 /* Frameworks */ = {
			isa = PBXGroup;
			children = (
				B4C8470D05988DF83313B47B /* Pods_hello_blockstack_ios.framework */,
				2C64CA0F79D528C30789F642 /* Pods_hello_blockstack_iosTests.framework */,
			);
			name = Frameworks;
			sourceTree = "<group>";
		};
		370B18822E28E211C42A3A52 /* Pods */ = {
			isa = PBXGroup;
			children = (
				B2A820B460AA70491125D444 /* Pods-hello-blockstack-ios.debug.xcconfig */,
				32AEF8CB0F47F11FD108FAA2 /* Pods-hello-blockstack-ios.release.xcconfig */,
				B1E40423722F4FA1DB13B708 /* Pods-hello-blockstack-iosTests.debug.xcconfig */,
				1E516B51360BBB64CB230D15 /* Pods-hello-blockstack-iosTests.release.xcconfig */,
			);
			path = Pods;
			sourceTree = "<group>";
		};
/* End PBXGroup section */

/* Begin PBXNativeTarget section */
		1F9ABD3221B0588400BA0A07 /* hello-blockstack-ios */ = {
			isa = PBXNativeTarget;
			buildConfigurationList = 1F9ABD5021B0588800BA0A07 /* Build configuration list for PBXNativeTarget "hello-blockstack-ios" */;
			buildPhases = (
				35C57BD842446DFA8A6380D7 /* [CP] Check Pods Manifest.lock */,
				1F9ABD2F21B0588400BA0A07 /* Sources */,
				1F9ABD3021B0588400BA0A07 /* Frameworks */,
				1F9ABD3121B0588400BA0A07 /* Resources */,
				30B8C404E5A33DAC644580BD /* [CP] Embed Pods Frameworks */,
			);
			buildRules = (
			);
			dependencies = (
			);
			name = "hello-blockstack-ios";
			productName = "hello-blockstack-ios";
			productReference = 1F9ABD3321B0588400BA0A07 /* hello-blockstack-ios.app */;
			productType = "com.apple.product-type.application";
		};
		1F9ABD4621B0588800BA0A07 /* hello-blockstack-iosTests */ = {
			isa = PBXNativeTarget;
			buildConfigurationList = 1F9ABD5321B0588800BA0A07 /* Build configuration list for PBXNativeTarget "hello-blockstack-iosTests" */;
			buildPhases = (
				51933523716B21F8DA8E138F /* [CP] Check Pods Manifest.lock */,
				1F9ABD4321B0588800BA0A07 /* Sources */,
				1F9ABD4421B0588800BA0A07 /* Frameworks */,
				1F9ABD4521B0588800BA0A07 /* Resources */,
			);
			buildRules = (
			);
			dependencies = (
				1F9ABD4921B0588800BA0A07 /* PBXTargetDependency */,
			);
			name = "hello-blockstack-iosTests";
			productName = "hello-blockstack-iosTests";
			productReference = 1F9ABD4721B0588800BA0A07 /* hello-blockstack-iosTests.xctest */;
			productType = "com.apple.product-type.bundle.unit-test";
		};
/* End PBXNativeTarget section */

/* Begin PBXProject section */
		1F9ABD2B21B0588400BA0A07 /* Project object */ = {
			isa = PBXProject;
			attributes = {
				LastSwiftUpdateCheck = 1010;
				LastUpgradeCheck = 1010;
				ORGANIZATIONNAME = "Travis McCormick";
				TargetAttributes = {
					1F9ABD3221B0588400BA0A07 = {
						CreatedOnToolsVersion = 10.1;
					};
					1F9ABD4621B0588800BA0A07 = {
						CreatedOnToolsVersion = 10.1;
						TestTargetID = 1F9ABD3221B0588400BA0A07;
					};
				};
			};
			buildConfigurationList = 1F9ABD2E21B0588400BA0A07 /* Build configuration list for PBXProject "hello-blockstack-ios" */;
			compatibilityVersion = "Xcode 9.3";
			developmentRegion = en;
			hasScannedForEncodings = 0;
			knownRegions = (
				en,
				Base,
			);
			mainGroup = 1F9ABD2A21B0588400BA0A07;
			productRefGroup = 1F9ABD3421B0588400BA0A07 /* Products */;
			projectDirPath = "";
			projectRoot = "";
			targets = (
				1F9ABD3221B0588400BA0A07 /* hello-blockstack-ios */,
				1F9ABD4621B0588800BA0A07 /* hello-blockstack-iosTests */,
			);
		};
/* End PBXProject section */

/* Begin PBXResourcesBuildPhase section */
		1F9ABD3121B0588400BA0A07 /* Resources */ = {
			isa = PBXResourcesBuildPhase;
			buildActionMask = 2147483647;
			files = (
				1F9ABD4121B0588800BA0A07 /* LaunchScreen.storyboard in Resources */,
				1F9ABD3E21B0588800BA0A07 /* Assets.xcassets in Resources */,
				1F9ABD3C21B0588400BA0A07 /* Main.storyboard in Resources */,
			);
			runOnlyForDeploymentPostprocessing = 0;
		};
		1F9ABD4521B0588800BA0A07 /* Resources */ = {
			isa = PBXResourcesBuildPhase;
			buildActionMask = 2147483647;
			files = (
			);
			runOnlyForDeploymentPostprocessing = 0;
		};
/* End PBXResourcesBuildPhase section */

/* Begin PBXShellScriptBuildPhase section */
		30B8C404E5A33DAC644580BD /* [CP] Embed Pods Frameworks */ = {
			isa = PBXShellScriptBuildPhase;
			buildActionMask = 2147483647;
			files = (
			);
			inputFileListPaths = (
			);
			inputPaths = (
				"${PODS_ROOT}/Target Support Files/Pods-hello-blockstack-ios/Pods-hello-blockstack-ios-frameworks.sh",
				"${BUILT_PRODUCTS_DIR}/Blockstack/Blockstack.framework",
				"${BUILT_PRODUCTS_DIR}/CryptoSwift/CryptoSwift.framework",
			);
			name = "[CP] Embed Pods Frameworks";
			outputFileListPaths = (
			);
			outputPaths = (
				"${TARGET_BUILD_DIR}/${FRAMEWORKS_FOLDER_PATH}/Blockstack.framework",
				"${TARGET_BUILD_DIR}/${FRAMEWORKS_FOLDER_PATH}/CryptoSwift.framework",
			);
			runOnlyForDeploymentPostprocessing = 0;
			shellPath = /bin/sh;
			shellScript = "\"${PODS_ROOT}/Target Support Files/Pods-hello-blockstack-ios/Pods-hello-blockstack-ios-frameworks.sh\"\n";
			showEnvVarsInLog = 0;
		};
		35C57BD842446DFA8A6380D7 /* [CP] Check Pods Manifest.lock */ = {
			isa = PBXShellScriptBuildPhase;
			buildActionMask = 2147483647;
			files = (
			);
			inputFileListPaths = (
			);
			inputPaths = (
				"${PODS_PODFILE_DIR_PATH}/Podfile.lock",
				"${PODS_ROOT}/Manifest.lock",
			);
			name = "[CP] Check Pods Manifest.lock";
			outputFileListPaths = (
			);
			outputPaths = (
				"$(DERIVED_FILE_DIR)/Pods-hello-blockstack-ios-checkManifestLockResult.txt",
			);
			runOnlyForDeploymentPostprocessing = 0;
			shellPath = /bin/sh;
			shellScript = "diff \"${PODS_PODFILE_DIR_PATH}/Podfile.lock\" \"${PODS_ROOT}/Manifest.lock\" > /dev/null\nif [ $? != 0 ] ; then\n    # print error to STDERR\n    echo \"error: The sandbox is not in sync with the Podfile.lock. Run 'pod install' or update your CocoaPods installation.\" >&2\n    exit 1\nfi\n# This output is used by Xcode 'outputs' to avoid re-running this script phase.\necho \"SUCCESS\" > \"${SCRIPT_OUTPUT_FILE_0}\"\n";
			showEnvVarsInLog = 0;
		};
		51933523716B21F8DA8E138F /* [CP] Check Pods Manifest.lock */ = {
			isa = PBXShellScriptBuildPhase;
			buildActionMask = 2147483647;
			files = (
			);
			inputFileListPaths = (
			);
			inputPaths = (
				"${PODS_PODFILE_DIR_PATH}/Podfile.lock",
				"${PODS_ROOT}/Manifest.lock",
			);
			name = "[CP] Check Pods Manifest.lock";
			outputFileListPaths = (
			);
			outputPaths = (
				"$(DERIVED_FILE_DIR)/Pods-hello-blockstack-iosTests-checkManifestLockResult.txt",
			);
			runOnlyForDeploymentPostprocessing = 0;
			shellPath = /bin/sh;
			shellScript = "diff \"${PODS_PODFILE_DIR_PATH}/Podfile.lock\" \"${PODS_ROOT}/Manifest.lock\" > /dev/null\nif [ $? != 0 ] ; then\n    # print error to STDERR\n    echo \"error: The sandbox is not in sync with the Podfile.lock. Run 'pod install' or update your CocoaPods installation.\" >&2\n    exit 1\nfi\n# This output is used by Xcode 'outputs' to avoid re-running this script phase.\necho \"SUCCESS\" > \"${SCRIPT_OUTPUT_FILE_0}\"\n";
			showEnvVarsInLog = 0;
		};
/* End PBXShellScriptBuildPhase section */

/* Begin PBXSourcesBuildPhase section */
		1F9ABD2F21B0588400BA0A07 /* Sources */ = {
			isa = PBXSourcesBuildPhase;
			buildActionMask = 2147483647;
			files = (
				1F9ABD3921B0588400BA0A07 /* ViewController.swift in Sources */,
				1F9ABD3721B0588400BA0A07 /* AppDelegate.swift in Sources */,
			);
			runOnlyForDeploymentPostprocessing = 0;
		};
		1F9ABD4321B0588800BA0A07 /* Sources */ = {
			isa = PBXSourcesBuildPhase;
			buildActionMask = 2147483647;
			files = (
				1F9ABD4C21B0588800BA0A07 /* hello_blockstack_iosTests.swift in Sources */,
			);
			runOnlyForDeploymentPostprocessing = 0;
		};
/* End PBXSourcesBuildPhase section */

/* Begin PBXTargetDependency section */
		1F9ABD4921B0588800BA0A07 /* PBXTargetDependency */ = {
			isa = PBXTargetDependency;
			target = 1F9ABD3221B0588400BA0A07 /* hello-blockstack-ios */;
			targetProxy = 1F9ABD4821B0588800BA0A07 /* PBXContainerItemProxy */;
		};
/* End PBXTargetDependency section */

/* Begin PBXVariantGroup section */
		1F9ABD3A21B0588400BA0A07 /* Main.storyboard */ = {
			isa = PBXVariantGroup;
			children = (
				1F9ABD3B21B0588400BA0A07 /* Base */,
			);
			name = Main.storyboard;
			sourceTree = "<group>";
		};
		1F9ABD3F21B0588800BA0A07 /* LaunchScreen.storyboard */ = {
			isa = PBXVariantGroup;
			children = (
				1F9ABD4021B0588800BA0A07 /* Base */,
			);
			name = LaunchScreen.storyboard;
			sourceTree = "<group>";
		};
/* End PBXVariantGroup section */

/* Begin XCBuildConfiguration section */
		1F9ABD4E21B0588800BA0A07 /* Debug */ = {
			isa = XCBuildConfiguration;
			buildSettings = {
				ALWAYS_SEARCH_USER_PATHS = NO;
				CLANG_ANALYZER_NONNULL = YES;
				CLANG_ANALYZER_NUMBER_OBJECT_CONVERSION = YES_AGGRESSIVE;
				CLANG_CXX_LANGUAGE_STANDARD = "gnu++14";
				CLANG_CXX_LIBRARY = "libc++";
				CLANG_ENABLE_MODULES = YES;
				CLANG_ENABLE_OBJC_ARC = YES;
				CLANG_ENABLE_OBJC_WEAK = YES;
				CLANG_WARN_BLOCK_CAPTURE_AUTORELEASING = YES;
				CLANG_WARN_BOOL_CONVERSION = YES;
				CLANG_WARN_COMMA = YES;
				CLANG_WARN_CONSTANT_CONVERSION = YES;
				CLANG_WARN_DEPRECATED_OBJC_IMPLEMENTATIONS = YES;
				CLANG_WARN_DIRECT_OBJC_ISA_USAGE = YES_ERROR;
				CLANG_WARN_DOCUMENTATION_COMMENTS = YES;
				CLANG_WARN_EMPTY_BODY = YES;
				CLANG_WARN_ENUM_CONVERSION = YES;
				CLANG_WARN_INFINITE_RECURSION = YES;
				CLANG_WARN_INT_CONVERSION = YES;
				CLANG_WARN_NON_LITERAL_NULL_CONVERSION = YES;
				CLANG_WARN_OBJC_IMPLICIT_RETAIN_SELF = YES;
				CLANG_WARN_OBJC_LITERAL_CONVERSION = YES;
				CLANG_WARN_OBJC_ROOT_CLASS = YES_ERROR;
				CLANG_WARN_RANGE_LOOP_ANALYSIS = YES;
				CLANG_WARN_STRICT_PROTOTYPES = YES;
				CLANG_WARN_SUSPICIOUS_MOVE = YES;
				CLANG_WARN_UNGUARDED_AVAILABILITY = YES_AGGRESSIVE;
				CLANG_WARN_UNREACHABLE_CODE = YES;
				CLANG_WARN__DUPLICATE_METHOD_MATCH = YES;
				CODE_SIGN_IDENTITY = "iPhone Developer";
				COPY_PHASE_STRIP = NO;
				DEBUG_INFORMATION_FORMAT = dwarf;
				ENABLE_STRICT_OBJC_MSGSEND = YES;
				ENABLE_TESTABILITY = YES;
				GCC_C_LANGUAGE_STANDARD = gnu11;
				GCC_DYNAMIC_NO_PIC = NO;
				GCC_NO_COMMON_BLOCKS = YES;
				GCC_OPTIMIZATION_LEVEL = 0;
				GCC_PREPROCESSOR_DEFINITIONS = (
					"DEBUG=1",
					"$(inherited)",
				);
				GCC_WARN_64_TO_32_BIT_CONVERSION = YES;
				GCC_WARN_ABOUT_RETURN_TYPE = YES_ERROR;
				GCC_WARN_UNDECLARED_SELECTOR = YES;
				GCC_WARN_UNINITIALIZED_AUTOS = YES_AGGRESSIVE;
				GCC_WARN_UNUSED_FUNCTION = YES;
				GCC_WARN_UNUSED_VARIABLE = YES;
				IPHONEOS_DEPLOYMENT_TARGET = 12.1;
				MTL_ENABLE_DEBUG_INFO = INCLUDE_SOURCE;
				MTL_FAST_MATH = YES;
				ONLY_ACTIVE_ARCH = YES;
				SDKROOT = iphoneos;
				SWIFT_ACTIVE_COMPILATION_CONDITIONS = DEBUG;
				SWIFT_OPTIMIZATION_LEVEL = "-Onone";
			};
			name = Debug;
		};
		1F9ABD4F21B0588800BA0A07 /* Release */ = {
			isa = XCBuildConfiguration;
			buildSettings = {
				ALWAYS_SEARCH_USER_PATHS = NO;
				CLANG_ANALYZER_NONNULL = YES;
				CLANG_ANALYZER_NUMBER_OBJECT_CONVERSION = YES_AGGRESSIVE;
				CLANG_CXX_LANGUAGE_STANDARD = "gnu++14";
				CLANG_CXX_LIBRARY = "libc++";
				CLANG_ENABLE_MODULES = YES;
				CLANG_ENABLE_OBJC_ARC = YES;
				CLANG_ENABLE_OBJC_WEAK = YES;
				CLANG_WARN_BLOCK_CAPTURE_AUTORELEASING = YES;
				CLANG_WARN_BOOL_CONVERSION = YES;
				CLANG_WARN_COMMA = YES;
				CLANG_WARN_CONSTANT_CONVERSION = YES;
				CLANG_WARN_DEPRECATED_OBJC_IMPLEMENTATIONS = YES;
				CLANG_WARN_DIRECT_OBJC_ISA_USAGE = YES_ERROR;
				CLANG_WARN_DOCUMENTATION_COMMENTS = YES;
				CLANG_WARN_EMPTY_BODY = YES;
				CLANG_WARN_ENUM_CONVERSION = YES;
				CLANG_WARN_INFINITE_RECURSION = YES;
				CLANG_WARN_INT_CONVERSION = YES;
				CLANG_WARN_NON_LITERAL_NULL_CONVERSION = YES;
				CLANG_WARN_OBJC_IMPLICIT_RETAIN_SELF = YES;
				CLANG_WARN_OBJC_LITERAL_CONVERSION = YES;
				CLANG_WARN_OBJC_ROOT_CLASS = YES_ERROR;
				CLANG_WARN_RANGE_LOOP_ANALYSIS = YES;
				CLANG_WARN_STRICT_PROTOTYPES = YES;
				CLANG_WARN_SUSPICIOUS_MOVE = YES;
				CLANG_WARN_UNGUARDED_AVAILABILITY = YES_AGGRESSIVE;
				CLANG_WARN_UNREACHABLE_CODE = YES;
				CLANG_WARN__DUPLICATE_METHOD_MATCH = YES;
				CODE_SIGN_IDENTITY = "iPhone Developer";
				COPY_PHASE_STRIP = NO;
				DEBUG_INFORMATION_FORMAT = "dwarf-with-dsym";
				ENABLE_NS_ASSERTIONS = NO;
				ENABLE_STRICT_OBJC_MSGSEND = YES;
				GCC_C_LANGUAGE_STANDARD = gnu11;
				GCC_NO_COMMON_BLOCKS = YES;
				GCC_WARN_64_TO_32_BIT_CONVERSION = YES;
				GCC_WARN_ABOUT_RETURN_TYPE = YES_ERROR;
				GCC_WARN_UNDECLARED_SELECTOR = YES;
				GCC_WARN_UNINITIALIZED_AUTOS = YES_AGGRESSIVE;
				GCC_WARN_UNUSED_FUNCTION = YES;
				GCC_WARN_UNUSED_VARIABLE = YES;
				IPHONEOS_DEPLOYMENT_TARGET = 12.1;
				MTL_ENABLE_DEBUG_INFO = NO;
				MTL_FAST_MATH = YES;
				SDKROOT = iphoneos;
				SWIFT_COMPILATION_MODE = wholemodule;
				SWIFT_OPTIMIZATION_LEVEL = "-O";
				VALIDATE_PRODUCT = YES;
			};
			name = Release;
		};
		1F9ABD5121B0588800BA0A07 /* Debug */ = {
			isa = XCBuildConfiguration;
			baseConfigurationReference = B2A820B460AA70491125D444 /* Pods-hello-blockstack-ios.debug.xcconfig */;
			buildSettings = {
				ASSETCATALOG_COMPILER_APPICON_NAME = AppIcon;
				CODE_SIGN_STYLE = Automatic;
				DEVELOPMENT_TEAM = 8M59PH3Z86;
				INFOPLIST_FILE = "hello-blockstack-ios/Info.plist";
				LD_RUNPATH_SEARCH_PATHS = (
					"$(inherited)",
					"@executable_path/Frameworks",
				);
				PRODUCT_BUNDLE_IDENTIFIER = "com.travjunt.hello-blockstack-ios";
				PRODUCT_NAME = "$(TARGET_NAME)";
				SWIFT_VERSION = 4.2;
				TARGETED_DEVICE_FAMILY = "1,2";
			};
			name = Debug;
		};
		1F9ABD5221B0588800BA0A07 /* Release */ = {
			isa = XCBuildConfiguration;
			baseConfigurationReference = 32AEF8CB0F47F11FD108FAA2 /* Pods-hello-blockstack-ios.release.xcconfig */;
			buildSettings = {
				ASSETCATALOG_COMPILER_APPICON_NAME = AppIcon;
				CODE_SIGN_STYLE = Automatic;
				DEVELOPMENT_TEAM = 8M59PH3Z86;
				INFOPLIST_FILE = "hello-blockstack-ios/Info.plist";
				LD_RUNPATH_SEARCH_PATHS = (
					"$(inherited)",
					"@executable_path/Frameworks",
				);
				PRODUCT_BUNDLE_IDENTIFIER = "com.travjunt.hello-blockstack-ios";
				PRODUCT_NAME = "$(TARGET_NAME)";
				SWIFT_VERSION = 4.2;
				TARGETED_DEVICE_FAMILY = "1,2";
			};
			name = Release;
		};
		1F9ABD5421B0588800BA0A07 /* Debug */ = {
			isa = XCBuildConfiguration;
			baseConfigurationReference = B1E40423722F4FA1DB13B708 /* Pods-hello-blockstack-iosTests.debug.xcconfig */;
			buildSettings = {
				ALWAYS_EMBED_SWIFT_STANDARD_LIBRARIES = YES;
				BUNDLE_LOADER = "$(TEST_HOST)";
				CODE_SIGN_STYLE = Automatic;
				DEVELOPMENT_TEAM = 8M59PH3Z86;
				INFOPLIST_FILE = "hello-blockstack-iosTests/Info.plist";
				LD_RUNPATH_SEARCH_PATHS = (
					"$(inherited)",
					"@executable_path/Frameworks",
					"@loader_path/Frameworks",
				);
				PRODUCT_BUNDLE_IDENTIFIER = "com.travjunt.hello-blockstack-iosTests";
				PRODUCT_NAME = "$(TARGET_NAME)";
				SWIFT_VERSION = 4.2;
				TARGETED_DEVICE_FAMILY = "1,2";
				TEST_HOST = "$(BUILT_PRODUCTS_DIR)/hello-blockstack-ios.app/hello-blockstack-ios";
			};
			name = Debug;
		};
		1F9ABD5521B0588800BA0A07 /* Release */ = {
			isa = XCBuildConfiguration;
			baseConfigurationReference = 1E516B51360BBB64CB230D15 /* Pods-hello-blockstack-iosTests.release.xcconfig */;
			buildSettings = {
				ALWAYS_EMBED_SWIFT_STANDARD_LIBRARIES = YES;
				BUNDLE_LOADER = "$(TEST_HOST)";
				CODE_SIGN_STYLE = Automatic;
				DEVELOPMENT_TEAM = 8M59PH3Z86;
				INFOPLIST_FILE = "hello-blockstack-iosTests/Info.plist";
				LD_RUNPATH_SEARCH_PATHS = (
					"$(inherited)",
					"@executable_path/Frameworks",
					"@loader_path/Frameworks",
				);
				PRODUCT_BUNDLE_IDENTIFIER = "com.travjunt.hello-blockstack-iosTests";
				PRODUCT_NAME = "$(TARGET_NAME)";
				SWIFT_VERSION = 4.2;
				TARGETED_DEVICE_FAMILY = "1,2";
				TEST_HOST = "$(BUILT_PRODUCTS_DIR)/hello-blockstack-ios.app/hello-blockstack-ios";
			};
			name = Release;
		};
/* End XCBuildConfiguration section */

/* Begin XCConfigurationList section */
		1F9ABD2E21B0588400BA0A07 /* Build configuration list for PBXProject "hello-blockstack-ios" */ = {
			isa = XCConfigurationList;
			buildConfigurations = (
				1F9ABD4E21B0588800BA0A07 /* Debug */,
				1F9ABD4F21B0588800BA0A07 /* Release */,
			);
			defaultConfigurationIsVisible = 0;
			defaultConfigurationName = Release;
		};
		1F9ABD5021B0588800BA0A07 /* Build configuration list for PBXNativeTarget "hello-blockstack-ios" */ = {
			isa = XCConfigurationList;
			buildConfigurations = (
				1F9ABD5121B0588800BA0A07 /* Debug */,
				1F9ABD5221B0588800BA0A07 /* Release */,
			);
			defaultConfigurationIsVisible = 0;
			defaultConfigurationName = Release;
		};
		1F9ABD5321B0588800BA0A07 /* Build configuration list for PBXNativeTarget "hello-blockstack-iosTests" */ = {
			isa = XCConfigurationList;
			buildConfigurations = (
				1F9ABD5421B0588800BA0A07 /* Debug */,
				1F9ABD5521B0588800BA0A07 /* Release */,
			);
			defaultConfigurationIsVisible = 0;
			defaultConfigurationName = Release;
		};
/* End XCConfigurationList section */
	};
	rootObject = 1F9ABD2B21B0588400BA0A07 /* Project object */;
}
